<?xml version="1.0" encoding="UTF-8" standalone="yes" ?>
<CodeBlocks_project_file>
	<FileVersion major="1" minor="6" />
	<Project>
		<Option title="SHPoid" />
		<Option pch_mode="2" />
		<Option compiler="gcc" />
		<Build>
			<Target title="Debug">
				<Option output="bin/Debug/SHPoid" prefix_auto="1" extension_auto="1" />
				<Option object_output="obj/Debug/" />
				<Option type="1" />
				<Option compiler="gcc" />
				<Compiler>
					<Add option="-g" />
					<Add directory="include" />
				</Compiler>
				<Linker>
					<Add library="comdlg32" />
				</Linker>
			</Target>
			<Target title="Release">
				<Option output="bin/Release/SHPoid" prefix_auto="1" extension_auto="1" />
				<Option object_output="obj/Release/" />
				<Option type="0" />
				<Option compiler="gcc" />
				<Compiler>
					<Add option="-O2" />
					<Add directory="include" />
				</Compiler>
				<Linker>
					<Add option="-s" />
				</Linker>
			</Target>
		</Build>
		<Compiler>
			<Add option="-Wall" />
		</Compiler>
		<Linker>
			<Add library="gdi32" />
			<Add library="user32" />
			<Add library="kernel32" />
			<Add library="comctl32" />
		</Linker>
		<Unit filename="include/base/basedialog.h" />
		<Unit filename="include/base/basewindow.h" />
		<Unit filename="include/components/mainrebar.h" />
		<Unit filename="include/components/maintoolbar.h" />
		<Unit filename="include/components/toolstoolbar.h" />
		<Unit filename="include/dialogboxes/aboutdialog.h" />
		<Unit filename="include/dialogboxes/batchdialog.h" />
		<Unit filename="include/dialogboxes/canvasresizedialog.h" />
		<Unit filename="include/dialogboxes/changepalettedialog.h" />
		<Unit filename="include/dialogboxes/colourschemedialog.h" />
		<Unit filename="include/dialogboxes/editsequencedialog.h" />
		<Unit filename="include/dialogboxes/exportdialog.h" />
		<Unit filename="include/dialogboxes/filtersettingsdialog.h" />
		<Unit filename="include/dialogboxes/generatecameodialog.h" />
		<Unit filename="include/dialogboxes/importdialog.h" />
		<Unit filename="include/dialogboxes/newdialog.h" />
		<Unit filename="include/dialogboxes/preferencesdialog.h" />
		<Unit filename="include/dialogboxes/previewdialog.h" />
		<Unit filename="include/dialogboxes/reportbug.h" />
		<Unit filename="include/dialogboxes/rotatearbdialog.h" />
		<Unit filename="include/dialogboxes/shpresizedialog.h" />
		<Unit filename="include/dialogboxes/shptypedialog.h" />
		<Unit filename="include/dialogboxes/transformdialog.h" />
		<Unit filename="include/dialogboxes/updatepalettedialog.h" />
		<Unit filename="include/processors/editproc.h" />
		<Unit filename="include/processors/fileproc.h" />
		<Unit filename="include/processors/filterproc.h" />
		<Unit filename="include/processors/helpproc.h" />
		<Unit filename="include/processors/optionsproc.h" />
		<Unit filename="include/processors/shpproc.h" />
		<Unit filename="include/processors/viewproc.h" />
		<Unit filename="include/resource.h" />
		<Unit filename="include/shpoidgui.h" />
		<Unit filename="include/shpoidproc.h" />
		<Unit filename="resource.rc">
			<Option compilerVar="WINDRES" />
		</Unit>
		<Unit filename="shpoid.cpp" />
		<Unit filename="src/components/mainrebar.cpp" />
		<Unit filename="src/components/maintoolbar.cpp" />
		<Unit filename="src/components/toolstoolbar.cpp" />
		<Unit filename="src/dialogboxes/aboutdialog.cpp" />
		<Unit filename="src/dialogboxes/batchdialog.cpp" />
		<Unit filename="src/dialogboxes/canvasresizedialog.cpp" />
		<Unit filename="src/dialogboxes/changepalettedialog.cpp" />
		<Unit filename="src/dialogboxes/colourschemedialog.cpp" />
		<Unit filename="src/dialogboxes/editsequencedialog.cpp" />
		<Unit filename="src/dialogboxes/exportdialog.cpp" />
		<Unit filename="src/dialogboxes/filtersettingsdialog.cpp" />
		<Unit filename="src/dialogboxes/generatecameodialog.cpp" />
		<Unit filename="src/dialogboxes/importdialog.cpp" />
		<Unit filename="src/dialogboxes/newdialog.cpp" />
		<Unit filename="src/dialogboxes/preferencesdialog.cpp" />
		<Unit filename="src/dialogboxes/previewdialog.cpp" />
		<Unit filename="src/dialogboxes/reportbug.cpp" />
		<Unit filename="src/dialogboxes/rotatearbdialog.cpp" />
		<Unit filename="src/dialogboxes/shpresizedialog.cpp" />
		<Unit filename="src/dialogboxes/shptypedialog.cpp" />
		<Unit filename="src/dialogboxes/transformdialog.cpp" />
		<Unit filename="src/dialogboxes/updatepalettedialog.cpp" />
		<Unit filename="src/processors/editproc.cpp" />
		<Unit filename="src/processors/fileproc.cpp" />
		<Unit filename="src/processors/filterproc.cpp" />
		<Unit filename="src/processors/helpproc.cpp" />
		<Unit filename="src/processors/optionsproc.cpp" />
		<Unit filename="src/processors/shpproc.cpp" />
		<Unit filename="src/processors/viewproc.cpp" />
		<Unit filename="src/shpoidgui.cpp" />
		<Unit filename="src/shpoidproc.cpp" />
		<Extensions>
			<code_completion />
			<envvars />
			<debugger />
		</Extensions>
	</Project>
</CodeBlocks_project_file>
